{
  "nodes": {
    "crate2nix": {
      "flake": false,
      "locked": {
        "lastModified": 1626950090,
        "narHash": "sha256-dVbE1z8tgY6UTiYagBpjEEwkWDZdH3qv2q4x6WaPfsg=",
        "owner": "kolloch",
        "repo": "crate2nix",
        "rev": "48345806a5ed82717fb5facffc56e7dfee1864f0",
        "type": "github"
      },
      "original": {
        "owner": "kolloch",
        "repo": "crate2nix",
        "type": "github"
      }
    },
    "flake-compat": {
      "flake": false,
      "locked": {
        "lastModified": 1606424373,
        "narHash": "sha256-oq8d4//CJOrVj+EcOaSXvMebvuTkmBJuT5tzlfewUnQ=",
        "owner": "edolstra",
        "repo": "flake-compat",
        "rev": "99f1c2157fba4bfe6211a321fd0ee43199025dbf",
        "type": "github"
      },
      "original": {
        "owner": "edolstra",
        "repo": "flake-compat",
        "type": "github"
      }
    },
    "flake-utils": {
      "locked": {
        "lastModified": 1614513358,
        "narHash": "sha256-LakhOx3S1dRjnh0b5Dg3mbZyH0ToC9I8Y2wKSkBaTzU=",
        "owner": "numtide",
        "repo": "flake-utils",
        "rev": "5466c5bbece17adaab2d82fae80b46e807611bf3",
        "type": "github"
      },
      "original": {
        "owner": "numtide",
        "repo": "flake-utils",
        "type": "github"
      }
    },
    "nixpkgs": {
      "locked": {
        "lastModified": 1626852498,
        "narHash": "sha256-lOXUJvi0FJUXHTVSiC5qsMRtEUgqM4mGZpMESLuGhmo=",
        "owner": "nixos",
        "repo": "nixpkgs",
        "rev": "16105403bdd843540cbef9c63fc0f16c1c6eaa70",
        "type": "github"
      },
      "original": {
        "owner": "nixos",
        "ref": "nixos-unstable",
        "repo": "nixpkgs",
        "type": "github"
      }
    },
    "nixpkgs_2": {
      "locked": {
        "lastModified": 1617325113,
        "narHash": "sha256-GksR0nvGxfZ79T91UUtWjjccxazv6Yh/MvEJ82v1Xmw=",
        "owner": "nixos",
        "repo": "nixpkgs",
        "rev": "54c1e44240d8a527a8f4892608c4bce5440c3ecb",
        "type": "github"
      },
      "original": {
        "owner": "NixOS",
        "repo": "nixpkgs",
        "type": "github"
      }
    },
    "root": {
      "inputs": {
        "crate2nix": "crate2nix",
        "flake-compat": "flake-compat",
        "nixpkgs": "nixpkgs",
        "rust-overlay": "rust-overlay",
        "swayr-src": "swayr-src",
        "utils": "utils"
      }
    },
    "rust-overlay": {
      "inputs": {
        "flake-utils": "flake-utils",
        "nixpkgs": "nixpkgs_2"
      },
      "locked": {
        "lastModified": 1627092891,
        "narHash": "sha256-6nN+rfsP+SNpnL3UPbrcwZe4qfh9/NH0LWtXhn9w/a4=",
        "owner": "oxalica",
        "repo": "rust-overlay",
        "rev": "939f2cf1aebc86bc3e9544645b495cd05995524a",
        "type": "github"
      },
      "original": {
        "owner": "oxalica",
        "repo": "rust-overlay",
        "type": "github"
      }
    },
    "swayr-src": {
      "flake": false,
      "locked": {
        "lastModified": 1626983199,
        "narHash": "sha256-NxjwZWOWB/tJrGMf/yCgN8jmTGwScMJMvdyqd/3df8s=",
        "ref": "main",
        "rev": "8e1de902de67ed2c50c5cc6e8c585cc1fdec66c7",
        "revCount": 135,
        "type": "git",
        "url": "ssh://git@git.sr.ht/~tsdh/swayr"
      },
      "original": {
        "ref": "main",
        "type": "git",
        "url": "ssh://git@git.sr.ht/~tsdh/swayr"
      }
    },
    "utils": {
      "locked": {
        "lastModified": 1623875721,
        "narHash": "sha256-A8BU7bjS5GirpAUv4QA+QnJ4CceLHkcXdRp4xITDB0s=",
        "owner": "numtide",
        "repo": "flake-utils",
        "rev": "f7e004a55b120c02ecb6219596820fcd32ca8772",
        "type": "github"
      },
      "original": {
        "owner": "numtide",
        "repo": "flake-utils",
        "type": "github"
      }
    }
  },
  "root": "root",
  "version": 7
}
