{
  "nodes": {
    "crate2nix": {
      "flake": false,
      "locked": {
        "lastModified": 1625395258,
        "narHash": "sha256-f6yjX9YH4bLqIqslfBNaiy4eNU5IE+1YwNnsUk5fEfQ=",
        "owner": "kolloch",
        "repo": "crate2nix",
        "rev": "38aba3b17a603294a72f6a820f50383ad9c969f7",
        "type": "github"
      },
      "original": {
        "owner": "kolloch",
        "repo": "crate2nix",
        "type": "github"
      }
    },
    "flake-compat": {
      "flake": false,
      "locked": {
        "lastModified": 1606424373,
        "narHash": "sha256-oq8d4//CJOrVj+EcOaSXvMebvuTkmBJuT5tzlfewUnQ=",
        "owner": "edolstra",
        "repo": "flake-compat",
        "rev": "99f1c2157fba4bfe6211a321fd0ee43199025dbf",
        "type": "github"
      },
      "original": {
        "owner": "edolstra",
        "repo": "flake-compat",
        "type": "github"
      }
    },
    "flake-utils": {
      "locked": {
        "lastModified": 1614513358,
        "narHash": "sha256-LakhOx3S1dRjnh0b5Dg3mbZyH0ToC9I8Y2wKSkBaTzU=",
        "owner": "numtide",
        "repo": "flake-utils",
        "rev": "5466c5bbece17adaab2d82fae80b46e807611bf3",
        "type": "github"
      },
      "original": {
        "owner": "numtide",
        "repo": "flake-utils",
        "type": "github"
      }
    },
    "nixpkgs": {
      "locked": {
        "lastModified": 1625281901,
        "narHash": "sha256-DkZDtTIPzhXATqIps2ifNFpnI+PTcfMYdcrx/oFm00Q=",
        "owner": "nixos",
        "repo": "nixpkgs",
        "rev": "09c38c29f2c719cd76ca17a596c2fdac9e186ceb",
        "type": "github"
      },
      "original": {
        "owner": "nixos",
        "ref": "nixos-unstable",
        "repo": "nixpkgs",
        "type": "github"
      }
    },
    "nixpkgs_2": {
      "locked": {
        "lastModified": 1617325113,
        "narHash": "sha256-GksR0nvGxfZ79T91UUtWjjccxazv6Yh/MvEJ82v1Xmw=",
        "owner": "nixos",
        "repo": "nixpkgs",
        "rev": "54c1e44240d8a527a8f4892608c4bce5440c3ecb",
        "type": "github"
      },
      "original": {
        "owner": "NixOS",
        "repo": "nixpkgs",
        "type": "github"
      }
    },
    "root": {
      "inputs": {
        "crate2nix": "crate2nix",
        "flake-compat": "flake-compat",
        "nixpkgs": "nixpkgs",
        "rust-overlay": "rust-overlay",
        "swayr-src": "swayr-src",
        "utils": "utils"
      }
    },
    "rust-overlay": {
      "inputs": {
        "flake-utils": "flake-utils",
        "nixpkgs": "nixpkgs_2"
      },
      "locked": {
        "lastModified": 1625364738,
        "narHash": "sha256-TPlpEcywGnB8jNIPOlCqFVbioskGOpasrVhxdw0BHzA=",
        "owner": "oxalica",
        "repo": "rust-overlay",
        "rev": "f08a653d9d6bbf06b5cc5dd1e570f1c449acbcf3",
        "type": "github"
      },
      "original": {
        "owner": "oxalica",
        "repo": "rust-overlay",
        "type": "github"
      }
    },
    "swayr-src": {
      "flake": false,
      "locked": {
        "lastModified": 1625143211,
        "narHash": "sha256-Aj+fzBAbQeLGYyTM44LjnqxoA4I6j753InQNr/RunSc=",
        "ref": "main",
        "rev": "467a6fc74d03d11080501faf33bd6a6bd84e1f37",
        "revCount": 103,
        "type": "git",
        "url": "ssh://git@git.sr.ht/~tsdh/swayr"
      },
      "original": {
        "ref": "main",
        "type": "git",
        "url": "ssh://git@git.sr.ht/~tsdh/swayr"
      }
    },
    "utils": {
      "locked": {
        "lastModified": 1623875721,
        "narHash": "sha256-A8BU7bjS5GirpAUv4QA+QnJ4CceLHkcXdRp4xITDB0s=",
        "owner": "numtide",
        "repo": "flake-utils",
        "rev": "f7e004a55b120c02ecb6219596820fcd32ca8772",
        "type": "github"
      },
      "original": {
        "owner": "numtide",
        "repo": "flake-utils",
        "type": "github"
      }
    }
  },
  "root": "root",
  "version": 7
}
